// !$*UTF8*$!
{
	archiveVersion = 1;
	classes = {
	};
	objectVersion = 50;
	objects = {

/* Begin PBXBuildFile section */
		27046C042614DA4C000E9734 /* AppDelegate.swift in Sources */ = {isa = PBXBuildFile; fileRef = 27046C032614DA4C000E9734 /* AppDelegate.swift */; };
		27046C062614DA4C000E9734 /* SceneDelegate.swift in Sources */ = {isa = PBXBuildFile; fileRef = 27046C052614DA4C000E9734 /* SceneDelegate.swift */; };
		27046C082614DA4C000E9734 /* ViewController.swift in Sources */ = {isa = PBXBuildFile; fileRef = 27046C072614DA4C000E9734 /* ViewController.swift */; };
		27046C0B2614DA4C000E9734 /* Main.storyboard in Resources */ = {isa = PBXBuildFile; fileRef = 27046C092614DA4C000E9734 /* Main.storyboard */; };
		27046C0D2614DA4E000E9734 /* Assets.xcassets in Resources */ = {isa = PBXBuildFile; fileRef = 27046C0C2614DA4E000E9734 /* Assets.xcassets */; };
		27046C102614DA4E000E9734 /* LaunchScreen.storyboard in Resources */ = {isa = PBXBuildFile; fileRef = 27046C0E2614DA4E000E9734 /* LaunchScreen.storyboard */; };
/* End PBXBuildFile section */

/* Begin PBXFileReference section */
		27046C002614DA4C000E9734 /* babyProject.app */ = {isa = PBXFileReference; explicitFileType = wrapper.application; includeInIndex = 0; path = babyProject.app; sourceTree = BUILT_PRODUCTS_DIR; };
		27046C032614DA4C000E9734 /* AppDelegate.swift */ = {isa = PBXFileReference; lastKnownFileType = sourcecode.swift; path = AppDelegate.swift; sourceTree = "<group>"; };
		27046C052614DA4C000E9734 /* SceneDelegate.swift */ = {isa = PBXFileReference; lastKnownFileType = sourcecode.swift; path = SceneDelegate.swift; sourceTree = "<group>"; };
		27046C072614DA4C000E9734 /* ViewController.swift */ = {isa = PBXFileReference; lastKnownFileType = sourcecode.swift; path = ViewController.swift; sourceTree = "<group>"; };
		27046C0A2614DA4C000E9734 /* Base */ = {isa = PBXFileReference; lastKnownFileType = file.storyboard; name = Base; path = Base.lproj/Main.storyboard; sourceTree = "<group>"; };
		27046C0C2614DA4E000E9734 /* Assets.xcassets */ = {isa = PBXFileReference; lastKnownFileType = folder.assetcatalog; path = Assets.xcassets; sourceTree = "<group>"; };
		27046C0F2614DA4E000E9734 /* Base */ = {isa = PBXFileReference; lastKnownFileType = file.storyboard; name = Base; path = Base.lproj/LaunchScreen.storyboard; sourceTree = "<group>"; };
		27046C112614DA4E000E9734 /* Info.plist */ = {isa = PBXFileReference; lastKnownFileType = text.plist.xml; path = Info.plist; sourceTree = "<group>"; };
/* End PBXFileReference section */

/* Begin PBXFrameworksBuildPhase section */
		27046BFD2614DA4C000E9734 /* Frameworks */ = {
			isa = PBXFrameworksBuildPhase;
			buildActionMask = 2147483647;
			files = (
			);
			runOnlyForDeploymentPostprocessing = 0;
		};
/* End PBXFrameworksBuildPhase section */

/* Begin PBXGroup section */
		27046BF72614DA4C000E9734 = {
			isa = PBXGroup;
			children = (
				27046C022614DA4C000E9734 /* babyProject */,
				27046C012614DA4C000E9734 /* Products */,
			);
			sourceTree = "<group>";
		};
		27046C012614DA4C000E9734 /* Products */ = {
			isa = PBXGroup;
			children = (
				27046C002614DA4C000E9734 /* babyProject.app */,
			);
			name = Products;
			sourceTree = "<group>";
		};
		27046C022614DA4C000E9734 /* babyProject */ = {
			isa = PBXGroup;
			children = (
				27046C032614DA4C000E9734 /* AppDelegate.swift */,
				27046C052614DA4C000E9734 /* SceneDelegate.swift */,
				27046C072614DA4C000E9734 /* ViewController.swift */,
				27046C092614DA4C000E9734 /* Main.storyboard */,
				27046C0C2614DA4E000E9734 /* Assets.xcassets */,
				27046C0E2614DA4E000E9734 /* LaunchScreen.storyboard */,
				27046C112614DA4E000E9734 /* Info.plist */,
			);
			path = babyProject;
			sourceTree = "<group>";
		};
/* End PBXGroup section */

/* Begin PBXNativeTarget section */
		27046BFF2614DA4C000E9734 /* babyProject */ = {
			isa = PBXNativeTarget;
			buildConfigurationList = 27046C142614DA4E000E9734 /* Build configuration list for PBXNativeTarget "babyProject" */;
			buildPhases = (
				27046BFC2614DA4C000E9734 /* Sources */,
				27046BFD2614DA4C000E9734 /* Frameworks */,
				27046BFE2614DA4C000E9734 /* Resources */,
			);
			buildRules = (
			);
			dependencies = (
			);
			name = babyProject;
			productName = babyProject;
			productReference = 27046C002614DA4C000E9734 /* babyProject.app */;
			productType = "com.apple.product-type.application";
		};
/* End PBXNativeTarget section */

/* Begin PBXProject section */
		27046BF82614DA4C000E9734 /* Project object */ = {
			isa = PBXProject;
			attributes = {
				LastSwiftUpdateCheck = 1240;
				LastUpgradeCheck = 1240;
				TargetAttributes = {
					27046BFF2614DA4C000E9734 = {
						CreatedOnToolsVersion = 12.4;
					};
				};
			};
			buildConfigurationList = 27046BFB2614DA4C000E9734 /* Build configuration list for PBXProject "babyProject" */;
			compatibilityVersion = "Xcode 9.3";
			developmentRegion = en;
			hasScannedForEncodings = 0;
			knownRegions = (
				en,
				Base,
			);
			mainGroup = 27046BF72614DA4C000E9734;
			productRefGroup = 27046C012614DA4C000E9734 /* Products */;
			projectDirPath = "";
			projectRoot = "";
			targets = (
				27046BFF2614DA4C000E9734 /* babyProject */,
			);
		};
/* End PBXProject section */

/* Begin PBXResourcesBuildPhase section */
		27046BFE2614DA4C000E9734 /* Resources */ = {
			isa = PBXResourcesBuildPhase;
			buildActionMask = 2147483647;
			files = (
				27046C102614DA4E000E9734 /* LaunchScreen.storyboard in Resources */,
				27046C0D2614DA4E000E9734 /* Assets.xcassets in Resources */,
				27046C0B2614DA4C000E9734 /* Main.storyboard in Resources */,
			);
			runOnlyForDeploymentPostprocessing = 0;
		};
/* End PBXResourcesBuildPhase section */

/* Begin PBXSourcesBuildPhase section */
		27046BFC2614DA4C000E9734 /* Sources */ = {
			isa = PBXSourcesBuildPhase;
			buildActionMask = 2147483647;
			files = (
				27046C082614DA4C000E9734 /* ViewController.swift in Sources */,
				27046C042614DA4C000E9734 /* AppDelegate.swift in Sources */,
				27046C062614DA4C000E9734 /* SceneDelegate.swift in Sources */,
			);
			runOnlyForDeploymentPostprocessing = 0;
		};
/* End PBXSourcesBuildPhase section */

/* Begin PBXVariantGroup section */
		27046C092614DA4C000E9734 /* Main.storyboard */ = {
			isa = PBXVariantGroup;
			children = (
				27046C0A2614DA4C000E9734 /* Base */,
			);
			name = Main.storyboard;
			sourceTree = "<group>";
		};
		27046C0E2614DA4E000E9734 /* LaunchScreen.storyboard */ = {
			isa = PBXVariantGroup;
			children = (
				27046C0F2614DA4E000E9734 /* Base */,
			);
			name = LaunchScreen.storyboard;
			sourceTree = "<group>";
		};
/* End PBXVariantGroup section */

/* Begin XCBuildConfiguration section */
		27046C122614DA4E000E9734 /* Debug */ = {
			isa = XCBuildConfiguration;
			buildSettings = {
				ALWAYS_SEARCH_USER_PATHS = NO;
				CLANG_ANALYZER_NONNULL = YES;
				CLANG_ANALYZER_NUMBER_OBJECT_CONVERSION = YES_AGGRESSIVE;
				CLANG_CXX_LANGUAGE_STANDARD = "gnu++14";
				CLANG_CXX_LIBRARY = "libc++";
				CLANG_ENABLE_MODULES = YES;
				CLANG_ENABLE_OBJC_ARC = YES;
				CLANG_ENABLE_OBJC_WEAK = YES;
				CLANG_WARN_BLOCK_CAPTURE_AUTORELEASING = YES;
				CLANG_WARN_BOOL_CONVERSION = YES;
				CLANG_WARN_COMMA = YES;
				CLANG_WARN_CONSTANT_CONVERSION = YES;
				CLANG_WARN_DEPRECATED_OBJC_IMPLEMENTATIONS = YES;
				CLANG_WARN_DIRECT_OBJC_ISA_USAGE = YES_ERROR;
				CLANG_WARN_DOCUMENTATION_COMMENTS = YES;
				CLANG_WARN_EMPTY_BODY = YES;
				CLANG_WARN_ENUM_CONVERSION = YES;
				CLANG_WARN_INFINITE_RECURSION = YES;
				CLANG_WARN_INT_CONVERSION = YES;
				CLANG_WARN_NON_LITERAL_NULL_CONVERSION = YES;
				CLANG_WARN_OBJC_IMPLICIT_RETAIN_SELF = YES;
				CLANG_WARN_OBJC_LITERAL_CONVERSION = YES;
				CLANG_WARN_OBJC_ROOT_CLASS = YES_ERROR;
				CLANG_WARN_QUOTED_INCLUDE_IN_FRAMEWORK_HEADER = YES;
				CLANG_WARN_RANGE_LOOP_ANALYSIS = YES;
				CLANG_WARN_STRICT_PROTOTYPES = YES;
				CLANG_WARN_SUSPICIOUS_MOVE = YES;
				CLANG_WARN_UNGUARDED_AVAILABILITY = YES_AGGRESSIVE;
				CLANG_WARN_UNREACHABLE_CODE = YES;
				CLANG_WARN__DUPLICATE_METHOD_MATCH = YES;
				COPY_PHASE_STRIP = NO;
				DEBUG_INFORMATION_FORMAT = dwarf;
				ENABLE_STRICT_OBJC_MSGSEND = YES;
				ENABLE_TESTABILITY = YES;
				GCC_C_LANGUAGE_STANDARD = gnu11;
				GCC_DYNAMIC_NO_PIC = NO;
				GCC_NO_COMMON_BLOCKS = YES;
				GCC_OPTIMIZATION_LEVEL = 0;
				GCC_PREPROCESSOR_DEFINITIONS = (
					"DEBUG=1",
					"$(inherited)",
				);
				GCC_WARN_64_TO_32_BIT_CONVERSION = YES;
				GCC_WARN_ABOUT_RETURN_TYPE = YES_ERROR;
				GCC_WARN_UNDECLARED_SELECTOR = YES;
				GCC_WARN_UNINITIALIZED_AUTOS = YES_AGGRESSIVE;
				GCC_WARN_UNUSED_FUNCTION = YES;
				GCC_WARN_UNUSED_VARIABLE = YES;
				IPHONEOS_DEPLOYMENT_TARGET = 14.4;
				MTL_ENABLE_DEBUG_INFO = INCLUDE_SOURCE;
				MTL_FAST_MATH = YES;
				ONLY_ACTIVE_ARCH = YES;
				SDKROOT = iphoneos;
				SWIFT_ACTIVE_COMPILATION_CONDITIONS = DEBUG;
				SWIFT_OPTIMIZATION_LEVEL = "-Onone";
			};
			name = Debug;
		};
		27046C132614DA4E000E9734 /* Release */ = {
			isa = XCBuildConfiguration;
			buildSettings = {
				ALWAYS_SEARCH_USER_PATHS = NO;
				CLANG_ANALYZER_NONNULL = YES;
				CLANG_ANALYZER_NUMBER_OBJECT_CONVERSION = YES_AGGRESSIVE;
				CLANG_CXX_LANGUAGE_STANDARD = "gnu++14";
				CLANG_CXX_LIBRARY = "libc++";
				CLANG_ENABLE_MODULES = YES;
				CLANG_ENABLE_OBJC_ARC = YES;
				CLANG_ENABLE_OBJC_WEAK = YES;
				CLANG_WARN_BLOCK_CAPTURE_AUTORELEASING = YES;
				CLANG_WARN_BOOL_CONVERSION = YES;
				CLANG_WARN_COMMA = YES;
				CLANG_WARN_CONSTANT_CONVERSION = YES;
				CLANG_WARN_DEPRECATED_OBJC_IMPLEMENTATIONS = YES;
				CLANG_WARN_DIRECT_OBJC_ISA_USAGE = YES_ERROR;
				CLANG_WARN_DOCUMENTATION_COMMENTS = YES;
				CLANG_WARN_EMPTY_BODY = YES;
				CLANG_WARN_ENUM_CONVERSION = YES;
				CLANG_WARN_INFINITE_RECURSION = YES;
				CLANG_WARN_INT_CONVERSION = YES;
				CLANG_WARN_NON_LITERAL_NULL_CONVERSION = YES;
				CLANG_WARN_OBJC_IMPLICIT_RETAIN_SELF = YES;
				CLANG_WARN_OBJC_LITERAL_CONVERSION = YES;
				CLANG_WARN_OBJC_ROOT_CLASS = YES_ERROR;
				CLANG_WARN_QUOTED_INCLUDE_IN_FRAMEWORK_HEADER = YES;
				CLANG_WARN_RANGE_LOOP_ANALYSIS = YES;
				CLANG_WARN_STRICT_PROTOTYPES = YES;
				CLANG_WARN_SUSPICIOUS_MOVE = YES;
				CLANG_WARN_UNGUARDED_AVAILABILITY = YES_AGGRESSIVE;
				CLANG_WARN_UNREACHABLE_CODE = YES;
				CLANG_WARN__DUPLICATE_METHOD_MATCH = YES;
				COPY_PHASE_STRIP = NO;
				DEBUG_INFORMATION_FORMAT = "dwarf-with-dsym";
				ENABLE_NS_ASSERTIONS = NO;
				ENABLE_STRICT_OBJC_MSGSEND = YES;
				GCC_C_LANGUAGE_STANDARD = gnu11;
				GCC_NO_COMMON_BLOCKS = YES;
				GCC_WARN_64_TO_32_BIT_CONVERSION = YES;
				GCC_WARN_ABOUT_RETURN_TYPE = YES_ERROR;
				GCC_WARN_UNDECLARED_SELECTOR = YES;
				GCC_WARN_UNINITIALIZED_AUTOS = YES_AGGRESSIVE;
				GCC_WARN_UNUSED_FUNCTION = YES;
				GCC_WARN_UNUSED_VARIABLE = YES;
				IPHONEOS_DEPLOYMENT_TARGET = 14.4;
				MTL_ENABLE_DEBUG_INFO = NO;
				MTL_FAST_MATH = YES;
				SDKROOT = iphoneos;
				SWIFT_COMPILATION_MODE = wholemodule;
				SWIFT_OPTIMIZATION_LEVEL = "-O";
				VALIDATE_PRODUCT = YES;
			};
			name = Release;
		};
		27046C152614DA4E000E9734 /* Debug */ = {
			isa = XCBuildConfiguration;
			buildSettings = {
				ASSETCATALOG_COMPILER_APPICON_NAME = AppIcon;
				ASSETCATALOG_COMPILER_GLOBAL_ACCENT_COLOR_NAME = AccentColor;
				CODE_SIGN_STYLE = Automatic;
				DEVELOPMENT_TEAM = LS85FFZ453;
				INFOPLIST_FILE = babyProject/Info.plist;
				LD_RUNPATH_SEARCH_PATHS = (
					"$(inherited)",
					"@executable_path/Frameworks",
				);
				PRODUCT_BUNDLE_IDENTIFIER = fi.turkuforge.babyProject;
				PRODUCT_NAME = "$(TARGET_NAME)";
				SWIFT_VERSION = 5.0;
				TARGETED_DEVICE_FAMILY = "1,2";
			};
			name = Debug;
		};
		27046C162614DA4E000E9734 /* Release */ = {
			isa = XCBuildConfiguration;
			buildSettings = {
				ASSETCATALOG_COMPILER_APPICON_NAME = AppIcon;
				ASSETCATALOG_COMPILER_GLOBAL_ACCENT_COLOR_NAME = AccentColor;
				CODE_SIGN_STYLE = Automatic;
				DEVELOPMENT_TEAM = LS85FFZ453;
				INFOPLIST_FILE = babyProject/Info.plist;
				LD_RUNPATH_SEARCH_PATHS = (
					"$(inherited)",
					"@executable_path/Frameworks",
				);
				PRODUCT_BUNDLE_IDENTIFIER = fi.turkuforge.babyProject;
				PRODUCT_NAME = "$(TARGET_NAME)";
				SWIFT_VERSION = 5.0;
				TARGETED_DEVICE_FAMILY = "1,2";
			};
			name = Release;
		};
/* End XCBuildConfiguration section */

/* Begin XCConfigurationList section */
		27046BFB2614DA4C000E9734 /* Build configuration list for PBXProject "babyProject" */ = {
			isa = XCConfigurationList;
			buildConfigurations = (
				27046C122614DA4E000E9734 /* Debug */,
				27046C132614DA4E000E9734 /* Release */,
			);
			defaultConfigurationIsVisible = 0;
			defaultConfigurationName = Release;
		};
		27046C142614DA4E000E9734 /* Build configuration list for PBXNativeTarget "babyProject" */ = {
			isa = XCConfigurationList;
			buildConfigurations = (
				27046C152614DA4E000E9734 /* Debug */,
				27046C162614DA4E000E9734 /* Release */,
			);
			defaultConfigurationIsVisible = 0;
			defaultConfigurationName = Release;
		};
/* End XCConfigurationList section */
	};
	rootObject = 27046BF82614DA4C000E9734 /* Project object */;
}
